{
  "name": "@zahardev/aicontext",
  "version": "1.8.0",
  "lockfileVersion": 3,
  "requires": true,
  "packages": {
    "": {
      "name": "@zahardev/aicontext",
      "version": "1.8.0",
      "license": "MIT",
      "bin": {
        "aicontext": "bin/aicontext.js"
      },
      "engines": {
        "node": ">=14.14.0"
      }
    }
  }
}
